
Microsoft Visual Studio Solution File, Format Version 12.00
# Visual Studio Version 16
VisualStudioVersion = 16.0.31129.286
MinimumVisualStudioVersion = 10.0.40219.1
Project("{9A19103F-16F7-4668-BE54-9A1E7A4F7556}") = "DataAccess", "DataAccess\DataAccess.csproj", "{9ED4AFB3-348A-40D0-BB84-6BB19A413AB8}"
EndProject
Project("{9A19103F-16F7-4668-BE54-9A1E7A4F7556}") = "Entities", "Entities\Entities.csproj", "{4E214C01-DCB8-4A44-9853-5D9D1E1440DA}"
EndProject
Project("{9A19103F-16F7-4668-BE54-9A1E7A4F7556}") = "Business", "Business\Business.csproj", "{5E654D17-AEF0-4FC9-9960-1B58BF2FA2E0}"
EndProject
Project("{9A19103F-16F7-4668-BE54-9A1E7A4F7556}") = "Core", "Core\Core.csproj", "{392522C4-ADC1-4061-88CF-A179C28B81DF}"
EndProject
Project("{9A19103F-16F7-4668-BE54-9A1E7A4F7556}") = "ConsoleUI", "ConsoleUI\ConsoleUI.csproj", "{07A03D6E-4AD1-42EB-994D-913A3B313EA5}"
EndProject
Project("{FAE04EC0-301F-11D3-BF4B-00C04F79EFBC}") = "WebAPI", "WebAPI\WebAPI.csproj", "{B2896CDB-633A-4542-9D49-9618315362F3}"
EndProject
Global
	GlobalSection(SolutionConfigurationPlatforms) = preSolution
		Debug|Any CPU = Debug|Any CPU
		Release|Any CPU = Release|Any CPU
	EndGlobalSection
	GlobalSection(ProjectConfigurationPlatforms) = postSolution
		{9ED4AFB3-348A-40D0-BB84-6BB19A413AB8}.Debug|Any CPU.ActiveCfg = Debug|Any CPU
		{9ED4AFB3-348A-40D0-BB84-6BB19A413AB8}.Debug|Any CPU.Build.0 = Debug|Any CPU
		{9ED4AFB3-348A-40D0-BB84-6BB19A413AB8}.Release|Any CPU.ActiveCfg = Release|Any CPU
		{9ED4AFB3-348A-40D0-BB84-6BB19A413AB8}.Release|Any CPU.Build.0 = Release|Any CPU
		{4E214C01-DCB8-4A44-9853-5D9D1E1440DA}.Debug|Any CPU.ActiveCfg = Debug|Any CPU
		{4E214C01-DCB8-4A44-9853-5D9D1E1440DA}.Debug|Any CPU.Build.0 = Debug|Any CPU
		{4E214C01-DCB8-4A44-9853-5D9D1E1440DA}.Release|Any CPU.ActiveCfg = Release|Any CPU
		{4E214C01-DCB8-4A44-9853-5D9D1E1440DA}.Release|Any CPU.Build.0 = Release|Any CPU
		{5E654D17-AEF0-4FC9-9960-1B58BF2FA2E0}.Debug|Any CPU.ActiveCfg = Debug|Any CPU
		{5E654D17-AEF0-4FC9-9960-1B58BF2FA2E0}.Debug|Any CPU.Build.0 = Debug|Any CPU
		{5E654D17-AEF0-4FC9-9960-1B58BF2FA2E0}.Release|Any CPU.ActiveCfg = Release|Any CPU
		{5E654D17-AEF0-4FC9-9960-1B58BF2FA2E0}.Release|Any CPU.Build.0 = Release|Any CPU
		{392522C4-ADC1-4061-88CF-A179C28B81DF}.Debug|Any CPU.ActiveCfg = Debug|Any CPU
		{392522C4-ADC1-4061-88CF-A179C28B81DF}.Debug|Any CPU.Build.0 = Debug|Any CPU
		{392522C4-ADC1-4061-88CF-A179C28B81DF}.Release|Any CPU.ActiveCfg = Release|Any CPU
		{392522C4-ADC1-4061-88CF-A179C28B81DF}.Release|Any CPU.Build.0 = Release|Any CPU
		{07A03D6E-4AD1-42EB-994D-913A3B313EA5}.Debug|Any CPU.ActiveCfg = Debug|Any CPU
		{07A03D6E-4AD1-42EB-994D-913A3B313EA5}.Debug|Any CPU.Build.0 = Debug|Any CPU
		{07A03D6E-4AD1-42EB-994D-913A3B313EA5}.Release|Any CPU.ActiveCfg = Release|Any CPU
		{07A03D6E-4AD1-42EB-994D-913A3B313EA5}.Release|Any CPU.Build.0 = Release|Any CPU
		{B2896CDB-633A-4542-9D49-9618315362F3}.Debug|Any CPU.ActiveCfg = Debug|Any CPU
		{B2896CDB-633A-4542-9D49-9618315362F3}.Debug|Any CPU.Build.0 = Debug|Any CPU
		{B2896CDB-633A-4542-9D49-9618315362F3}.Release|Any CPU.ActiveCfg = Release|Any CPU
		{B2896CDB-633A-4542-9D49-9618315362F3}.Release|Any CPU.Build.0 = Release|Any CPU
	EndGlobalSection
	GlobalSection(SolutionProperties) = preSolution
		HideSolutionNode = FALSE
	EndGlobalSection
	GlobalSection(ExtensibilityGlobals) = postSolution
		SolutionGuid = {82A8BFFC-CB7C-4BCB-B655-3403011A55EC}
	EndGlobalSection
EndGlobal
